dependencies:
  idf:
    source:
      type: idf
    version: 5.5.4
  lvgl/lvgl:
    component_hash: 17e68bfd21f0edf4c3ee838e2273da840bf3930e5dbc3bfa6c1190c3aed41f9f
    dependencies: []
    source:
      registry_url: https://components.espressif.com/
      type: service
    version: 9.4.0
direct_dependencies:
- lvgl/lvgl
manifest_hash: 912c5700deabbce187137e9df5d446e88d340d00a07cf6891485c2134e14e727
target: esp32s3
version: 2.0.0
